{
  "name": "mk-apex-jstree",
  "version": "0.0.1",
  "lockfileVersion": 1,
  "requires": true,
  "dependencies": {
    "@types/jquery": {
      "version": "3.2.16",
      "resolved": "https://registry.npmjs.org/@types/jquery/-/jquery-3.2.16.tgz",
      "integrity": "sha512-q2WC02YxQoX2nY1HRKlYGHpGP1saPmD7GN0pwCDlTz35a4eOtJG+aHRlXyjCuXokUukSrR2aXyBhSW3j+jPc0A==",
      "dev": true
    },
    "orclapex-js": {
      "version": "git+https://github.com/commi235/orclapex-js.git#30c9f556fbdecbacf75d267afd67f0a24c31b5d4",
      "dev": true,
      "requires": {
        "@types/jquery": "3.2.16"
      }
    }
  }
}
